// !$*UTF8*$!
{
	archiveVersion = 1;
	classes = {
	};
	objectVersion = 50;
	objects = {

/* Begin PBXBuildFile section */
		AF1E8B5926EF43DD00CD0174 /* AppDelegate.swift in Sources */ = {isa = PBXBuildFile; fileRef = AF1E8B5826EF43DD00CD0174 /* AppDelegate.swift */; };
		AF1E8B5B26EF43DD00CD0174 /* SceneDelegate.swift in Sources */ = {isa = PBXBuildFile; fileRef = AF1E8B5A26EF43DD00CD0174 /* SceneDelegate.swift */; };
		AF1E8B5D26EF43DD00CD0174 /* ViewController.swift in Sources */ = {isa = PBXBuildFile; fileRef = AF1E8B5C26EF43DD00CD0174 /* ViewController.swift */; };
		AF1E8B6026EF43DE00CD0174 /* Main.storyboard in Resources */ = {isa = PBXBuildFile; fileRef = AF1E8B5E26EF43DE00CD0174 /* Main.storyboard */; };
		AF1E8B6226EF43EE00CD0174 /* Assets.xcassets in Resources */ = {isa = PBXBuildFile; fileRef = AF1E8B6126EF43EE00CD0174 /* Assets.xcassets */; };
		AF1E8B6526EF43EE00CD0174 /* LaunchScreen.storyboard in Resources */ = {isa = PBXBuildFile; fileRef = AF1E8B6326EF43EE00CD0174 /* LaunchScreen.storyboard */; };
/* End PBXBuildFile section */

/* Begin PBXFileReference section */
		AF1E8B5526EF43DD00CD0174 /* PerfectRomComApplication.app */ = {isa = PBXFileReference; explicitFileType = wrapper.application; includeInIndex = 0; path = PerfectRomComApplication.app; sourceTree = BUILT_PRODUCTS_DIR; };
		AF1E8B5826EF43DD00CD0174 /* AppDelegate.swift */ = {isa = PBXFileReference; lastKnownFileType = sourcecode.swift; path = AppDelegate.swift; sourceTree = "<group>"; };
		AF1E8B5A26EF43DD00CD0174 /* SceneDelegate.swift */ = {isa = PBXFileReference; lastKnownFileType = sourcecode.swift; path = SceneDelegate.swift; sourceTree = "<group>"; };
		AF1E8B5C26EF43DD00CD0174 /* ViewController.swift */ = {isa = PBXFileReference; lastKnownFileType = sourcecode.swift; path = ViewController.swift; sourceTree = "<group>"; };
		AF1E8B5F26EF43DE00CD0174 /* Base */ = {isa = PBXFileReference; lastKnownFileType = file.storyboard; name = Base; path = Base.lproj/Main.storyboard; sourceTree = "<group>"; };
		AF1E8B6126EF43EE00CD0174 /* Assets.xcassets */ = {isa = PBXFileReference; lastKnownFileType = folder.assetcatalog; path = Assets.xcassets; sourceTree = "<group>"; };
		AF1E8B6426EF43EE00CD0174 /* Base */ = {isa = PBXFileReference; lastKnownFileType = file.storyboard; name = Base; path = Base.lproj/LaunchScreen.storyboard; sourceTree = "<group>"; };
		AF1E8B6626EF43EE00CD0174 /* Info.plist */ = {isa = PBXFileReference; lastKnownFileType = text.plist.xml; path = Info.plist; sourceTree = "<group>"; };
/* End PBXFileReference section */

/* Begin PBXFrameworksBuildPhase section */
		AF1E8B5226EF43DD00CD0174 /* Frameworks */ = {
			isa = PBXFrameworksBuildPhase;
			buildActionMask = 2147483647;
			files = (
			);
			runOnlyForDeploymentPostprocessing = 0;
		};
/* End PBXFrameworksBuildPhase section */

/* Begin PBXGroup section */
		AF1E8B4C26EF43DD00CD0174 = {
			isa = PBXGroup;
			children = (
				AF1E8B5726EF43DD00CD0174 /* PerfectRomComApplication */,
				AF1E8B5626EF43DD00CD0174 /* Products */,
			);
			sourceTree = "<group>";
		};
		AF1E8B5626EF43DD00CD0174 /* Products */ = {
			isa = PBXGroup;
			children = (
				AF1E8B5526EF43DD00CD0174 /* PerfectRomComApplication.app */,
			);
			name = Products;
			sourceTree = "<group>";
		};
		AF1E8B5726EF43DD00CD0174 /* PerfectRomComApplication */ = {
			isa = PBXGroup;
			children = (
				AF1E8B5826EF43DD00CD0174 /* AppDelegate.swift */,
				AF1E8B5A26EF43DD00CD0174 /* SceneDelegate.swift */,
				AF1E8B5C26EF43DD00CD0174 /* ViewController.swift */,
				AF1E8B5E26EF43DE00CD0174 /* Main.storyboard */,
				AF1E8B6126EF43EE00CD0174 /* Assets.xcassets */,
				AF1E8B6326EF43EE00CD0174 /* LaunchScreen.storyboard */,
				AF1E8B6626EF43EE00CD0174 /* Info.plist */,
			);
			path = PerfectRomComApplication;
			sourceTree = "<group>";
		};
/* End PBXGroup section */

/* Begin PBXNativeTarget section */
		AF1E8B5426EF43DD00CD0174 /* PerfectRomComApplication */ = {
			isa = PBXNativeTarget;
			buildConfigurationList = AF1E8B6926EF43EE00CD0174 /* Build configuration list for PBXNativeTarget "PerfectRomComApplication" */;
			buildPhases = (
				AF1E8B5126EF43DD00CD0174 /* Sources */,
				AF1E8B5226EF43DD00CD0174 /* Frameworks */,
				AF1E8B5326EF43DD00CD0174 /* Resources */,
			);
			buildRules = (
			);
			dependencies = (
			);
			name = PerfectRomComApplication;
			productName = PerfectRomComApplication;
			productReference = AF1E8B5526EF43DD00CD0174 /* PerfectRomComApplication.app */;
			productType = "com.apple.product-type.application";
		};
/* End PBXNativeTarget section */

/* Begin PBXProject section */
		AF1E8B4D26EF43DD00CD0174 /* Project object */ = {
			isa = PBXProject;
			attributes = {
				LastSwiftUpdateCheck = 1250;
				LastUpgradeCheck = 1250;
				TargetAttributes = {
					AF1E8B5426EF43DD00CD0174 = {
						CreatedOnToolsVersion = 12.5.1;
					};
				};
			};
			buildConfigurationList = AF1E8B5026EF43DD00CD0174 /* Build configuration list for PBXProject "PerfectRomComApplication" */;
			compatibilityVersion = "Xcode 9.3";
			developmentRegion = en;
			hasScannedForEncodings = 0;
			knownRegions = (
				en,
				Base,
			);
			mainGroup = AF1E8B4C26EF43DD00CD0174;
			productRefGroup = AF1E8B5626EF43DD00CD0174 /* Products */;
			projectDirPath = "";
			projectRoot = "";
			targets = (
				AF1E8B5426EF43DD00CD0174 /* PerfectRomComApplication */,
			);
		};
/* End PBXProject section */

/* Begin PBXResourcesBuildPhase section */
		AF1E8B5326EF43DD00CD0174 /* Resources */ = {
			isa = PBXResourcesBuildPhase;
			buildActionMask = 2147483647;
			files = (
				AF1E8B6526EF43EE00CD0174 /* LaunchScreen.storyboard in Resources */,
				AF1E8B6226EF43EE00CD0174 /* Assets.xcassets in Resources */,
				AF1E8B6026EF43DE00CD0174 /* Main.storyboard in Resources */,
			);
			runOnlyForDeploymentPostprocessing = 0;
		};
/* End PBXResourcesBuildPhase section */

/* Begin PBXSourcesBuildPhase section */
		AF1E8B5126EF43DD00CD0174 /* Sources */ = {
			isa = PBXSourcesBuildPhase;
			buildActionMask = 2147483647;
			files = (
				AF1E8B5D26EF43DD00CD0174 /* ViewController.swift in Sources */,
				AF1E8B5926EF43DD00CD0174 /* AppDelegate.swift in Sources */,
				AF1E8B5B26EF43DD00CD0174 /* SceneDelegate.swift in Sources */,
			);
			runOnlyForDeploymentPostprocessing = 0;
		};
/* End PBXSourcesBuildPhase section */

/* Begin PBXVariantGroup section */
		AF1E8B5E26EF43DE00CD0174 /* Main.storyboard */ = {
			isa = PBXVariantGroup;
			children = (
				AF1E8B5F26EF43DE00CD0174 /* Base */,
			);
			name = Main.storyboard;
			sourceTree = "<group>";
		};
		AF1E8B6326EF43EE00CD0174 /* LaunchScreen.storyboard */ = {
			isa = PBXVariantGroup;
			children = (
				AF1E8B6426EF43EE00CD0174 /* Base */,
			);
			name = LaunchScreen.storyboard;
			sourceTree = "<group>";
		};
/* End PBXVariantGroup section */

/* Begin XCBuildConfiguration section */
		AF1E8B6726EF43EE00CD0174 /* Debug */ = {
			isa = XCBuildConfiguration;
			buildSettings = {
				ALWAYS_SEARCH_USER_PATHS = NO;
				CLANG_ANALYZER_NONNULL = YES;
				CLANG_ANALYZER_NUMBER_OBJECT_CONVERSION = YES_AGGRESSIVE;
				CLANG_CXX_LANGUAGE_STANDARD = "gnu++14";
				CLANG_CXX_LIBRARY = "libc++";
				CLANG_ENABLE_MODULES = YES;
				CLANG_ENABLE_OBJC_ARC = YES;
				CLANG_ENABLE_OBJC_WEAK = YES;
				CLANG_WARN_BLOCK_CAPTURE_AUTORELEASING = YES;
				CLANG_WARN_BOOL_CONVERSION = YES;
				CLANG_WARN_COMMA = YES;
				CLANG_WARN_CONSTANT_CONVERSION = YES;
				CLANG_WARN_DEPRECATED_OBJC_IMPLEMENTATIONS = YES;
				CLANG_WARN_DIRECT_OBJC_ISA_USAGE = YES_ERROR;
				CLANG_WARN_DOCUMENTATION_COMMENTS = YES;
				CLANG_WARN_EMPTY_BODY = YES;
				CLANG_WARN_ENUM_CONVERSION = YES;
				CLANG_WARN_INFINITE_RECURSION = YES;
				CLANG_WARN_INT_CONVERSION = YES;
				CLANG_WARN_NON_LITERAL_NULL_CONVERSION = YES;
				CLANG_WARN_OBJC_IMPLICIT_RETAIN_SELF = YES;
				CLANG_WARN_OBJC_LITERAL_CONVERSION = YES;
				CLANG_WARN_OBJC_ROOT_CLASS = YES_ERROR;
				CLANG_WARN_QUOTED_INCLUDE_IN_FRAMEWORK_HEADER = YES;
				CLANG_WARN_RANGE_LOOP_ANALYSIS = YES;
				CLANG_WARN_STRICT_PROTOTYPES = YES;
				CLANG_WARN_SUSPICIOUS_MOVE = YES;
				CLANG_WARN_UNGUARDED_AVAILABILITY = YES_AGGRESSIVE;
				CLANG_WARN_UNREACHABLE_CODE = YES;
				CLANG_WARN__DUPLICATE_METHOD_MATCH = YES;
				COPY_PHASE_STRIP = NO;
				DEBUG_INFORMATION_FORMAT = dwarf;
				ENABLE_STRICT_OBJC_MSGSEND = YES;
				ENABLE_TESTABILITY = YES;
				GCC_C_LANGUAGE_STANDARD = gnu11;
				GCC_DYNAMIC_NO_PIC = NO;
				GCC_NO_COMMON_BLOCKS = YES;
				GCC_OPTIMIZATION_LEVEL = 0;
				GCC_PREPROCESSOR_DEFINITIONS = (
					"DEBUG=1",
					"$(inherited)",
				);
				GCC_WARN_64_TO_32_BIT_CONVERSION = YES;
				GCC_WARN_ABOUT_RETURN_TYPE = YES_ERROR;
				GCC_WARN_UNDECLARED_SELECTOR = YES;
				GCC_WARN_UNINITIALIZED_AUTOS = YES_AGGRESSIVE;
				GCC_WARN_UNUSED_FUNCTION = YES;
				GCC_WARN_UNUSED_VARIABLE = YES;
				IPHONEOS_DEPLOYMENT_TARGET = 14.5;
				MTL_ENABLE_DEBUG_INFO = INCLUDE_SOURCE;
				MTL_FAST_MATH = YES;
				ONLY_ACTIVE_ARCH = YES;
				SDKROOT = iphoneos;
				SWIFT_ACTIVE_COMPILATION_CONDITIONS = DEBUG;
				SWIFT_OPTIMIZATION_LEVEL = "-Onone";
			};
			name = Debug;
		};
		AF1E8B6826EF43EE00CD0174 /* Release */ = {
			isa = XCBuildConfiguration;
			buildSettings = {
				ALWAYS_SEARCH_USER_PATHS = NO;
				CLANG_ANALYZER_NONNULL = YES;
				CLANG_ANALYZER_NUMBER_OBJECT_CONVERSION = YES_AGGRESSIVE;
				CLANG_CXX_LANGUAGE_STANDARD = "gnu++14";
				CLANG_CXX_LIBRARY = "libc++";
				CLANG_ENABLE_MODULES = YES;
				CLANG_ENABLE_OBJC_ARC = YES;
				CLANG_ENABLE_OBJC_WEAK = YES;
				CLANG_WARN_BLOCK_CAPTURE_AUTORELEASING = YES;
				CLANG_WARN_BOOL_CONVERSION = YES;
				CLANG_WARN_COMMA = YES;
				CLANG_WARN_CONSTANT_CONVERSION = YES;
				CLANG_WARN_DEPRECATED_OBJC_IMPLEMENTATIONS = YES;
				CLANG_WARN_DIRECT_OBJC_ISA_USAGE = YES_ERROR;
				CLANG_WARN_DOCUMENTATION_COMMENTS = YES;
				CLANG_WARN_EMPTY_BODY = YES;
				CLANG_WARN_ENUM_CONVERSION = YES;
				CLANG_WARN_INFINITE_RECURSION = YES;
				CLANG_WARN_INT_CONVERSION = YES;
				CLANG_WARN_NON_LITERAL_NULL_CONVERSION = YES;
				CLANG_WARN_OBJC_IMPLICIT_RETAIN_SELF = YES;
				CLANG_WARN_OBJC_LITERAL_CONVERSION = YES;
				CLANG_WARN_OBJC_ROOT_CLASS = YES_ERROR;
				CLANG_WARN_QUOTED_INCLUDE_IN_FRAMEWORK_HEADER = YES;
				CLANG_WARN_RANGE_LOOP_ANALYSIS = YES;
				CLANG_WARN_STRICT_PROTOTYPES = YES;
				CLANG_WARN_SUSPICIOUS_MOVE = YES;
				CLANG_WARN_UNGUARDED_AVAILABILITY = YES_AGGRESSIVE;
				CLANG_WARN_UNREACHABLE_CODE = YES;
				CLANG_WARN__DUPLICATE_METHOD_MATCH = YES;
				COPY_PHASE_STRIP = NO;
				DEBUG_INFORMATION_FORMAT = "dwarf-with-dsym";
				ENABLE_NS_ASSERTIONS = NO;
				ENABLE_STRICT_OBJC_MSGSEND = YES;
				GCC_C_LANGUAGE_STANDARD = gnu11;
				GCC_NO_COMMON_BLOCKS = YES;
				GCC_WARN_64_TO_32_BIT_CONVERSION = YES;
				GCC_WARN_ABOUT_RETURN_TYPE = YES_ERROR;
				GCC_WARN_UNDECLARED_SELECTOR = YES;
				GCC_WARN_UNINITIALIZED_AUTOS = YES_AGGRESSIVE;
				GCC_WARN_UNUSED_FUNCTION = YES;
				GCC_WARN_UNUSED_VARIABLE = YES;
				IPHONEOS_DEPLOYMENT_TARGET = 14.5;
				MTL_ENABLE_DEBUG_INFO = NO;
				MTL_FAST_MATH = YES;
				SDKROOT = iphoneos;
				SWIFT_COMPILATION_MODE = wholemodule;
				SWIFT_OPTIMIZATION_LEVEL = "-O";
				VALIDATE_PRODUCT = YES;
			};
			name = Release;
		};
		AF1E8B6A26EF43EE00CD0174 /* Debug */ = {
			isa = XCBuildConfiguration;
			buildSettings = {
				ASSETCATALOG_COMPILER_APPICON_NAME = AppIcon;
				ASSETCATALOG_COMPILER_GLOBAL_ACCENT_COLOR_NAME = AccentColor;
				CODE_SIGN_STYLE = Automatic;
				DEVELOPMENT_TEAM = 25369NB5PS;
				INFOPLIST_FILE = PerfectRomComApplication/Info.plist;
				LD_RUNPATH_SEARCH_PATHS = (
					"$(inherited)",
					"@executable_path/Frameworks",
				);
				PRODUCT_BUNDLE_IDENTIFIER = emmakatecostanza.PerfectRomComApplication;
				PRODUCT_NAME = "$(TARGET_NAME)";
				SWIFT_VERSION = 5.0;
				TARGETED_DEVICE_FAMILY = "1,2";
			};
			name = Debug;
		};
		AF1E8B6B26EF43EE00CD0174 /* Release */ = {
			isa = XCBuildConfiguration;
			buildSettings = {
				ASSETCATALOG_COMPILER_APPICON_NAME = AppIcon;
				ASSETCATALOG_COMPILER_GLOBAL_ACCENT_COLOR_NAME = AccentColor;
				CODE_SIGN_STYLE = Automatic;
				DEVELOPMENT_TEAM = 25369NB5PS;
				INFOPLIST_FILE = PerfectRomComApplication/Info.plist;
				LD_RUNPATH_SEARCH_PATHS = (
					"$(inherited)",
					"@executable_path/Frameworks",
				);
				PRODUCT_BUNDLE_IDENTIFIER = emmakatecostanza.PerfectRomComApplication;
				PRODUCT_NAME = "$(TARGET_NAME)";
				SWIFT_VERSION = 5.0;
				TARGETED_DEVICE_FAMILY = "1,2";
			};
			name = Release;
		};
/* End XCBuildConfiguration section */

/* Begin XCConfigurationList section */
		AF1E8B5026EF43DD00CD0174 /* Build configuration list for PBXProject "PerfectRomComApplication" */ = {
			isa = XCConfigurationList;
			buildConfigurations = (
				AF1E8B6726EF43EE00CD0174 /* Debug */,
				AF1E8B6826EF43EE00CD0174 /* Release */,
			);
			defaultConfigurationIsVisible = 0;
			defaultConfigurationName = Release;
		};
		AF1E8B6926EF43EE00CD0174 /* Build configuration list for PBXNativeTarget "PerfectRomComApplication" */ = {
			isa = XCConfigurationList;
			buildConfigurations = (
				AF1E8B6A26EF43EE00CD0174 /* Debug */,
				AF1E8B6B26EF43EE00CD0174 /* Release */,
			);
			defaultConfigurationIsVisible = 0;
			defaultConfigurationName = Release;
		};
/* End XCConfigurationList section */
	};
	rootObject = AF1E8B4D26EF43DD00CD0174 /* Project object */;
}
